
Microsoft Visual Studio Solution File, Format Version 12.00
# Visual Studio Version 16
VisualStudioVersion = 16.0.31205.134
MinimumVisualStudioVersion = 10.0.40219.1
Project("{FAE04EC0-301F-11D3-BF4B-00C04F79EFBC}") = "WindowsUtilities", "WindowsUtilities.csproj", "{4BE79CE0-BB48-471E-A56C-4BE5BC49ED70}"
EndProject
Global
	GlobalSection(SolutionConfigurationPlatforms) = preSolution
		Debug|Any CPU = Debug|Any CPU
		Release|Any CPU = Release|Any CPU
	EndGlobalSection
	GlobalSection(ProjectConfigurationPlatforms) = postSolution
		{4BE79CE0-BB48-471E-A56C-4BE5BC49ED70}.Debug|Any CPU.ActiveCfg = Debug|Any CPU
		{4BE79CE0-BB48-471E-A56C-4BE5BC49ED70}.Debug|Any CPU.Build.0 = Debug|Any CPU
		{4BE79CE0-BB48-471E-A56C-4BE5BC49ED70}.Release|Any CPU.ActiveCfg = Release|Any CPU
		{4BE79CE0-BB48-471E-A56C-4BE5BC49ED70}.Release|Any CPU.Build.0 = Release|Any CPU
	EndGlobalSection
	GlobalSection(SolutionProperties) = preSolution
		HideSolutionNode = FALSE
	EndGlobalSection
	GlobalSection(ExtensibilityGlobals) = postSolution
		SolutionGuid = {A9488AEC-B71A-45AF-AD58-8DA5FB0A94F7}
	EndGlobalSection
EndGlobal
