
Microsoft Visual Studio Solution File, Format Version 12.00
# Visual Studio Version 16
VisualStudioVersion = 16.0.31205.134
MinimumVisualStudioVersion = 10.0.40219.1
Project("{FAE04EC0-301F-11D3-BF4B-00C04F79EFBC}") = "Decrapify-Windows11", "Decrapify-Windows11.csproj", "{A84C60D6-F7D7-4497-B76F-EB8CAC412BBC}"
EndProject
Global
	GlobalSection(SolutionConfigurationPlatforms) = preSolution
		Debug|Any CPU = Debug|Any CPU
		Release|Any CPU = Release|Any CPU
	EndGlobalSection
	GlobalSection(ProjectConfigurationPlatforms) = postSolution
		{A84C60D6-F7D7-4497-B76F-EB8CAC412BBC}.Debug|Any CPU.ActiveCfg = Debug|Any CPU
		{A84C60D6-F7D7-4497-B76F-EB8CAC412BBC}.Debug|Any CPU.Build.0 = Debug|Any CPU
		{A84C60D6-F7D7-4497-B76F-EB8CAC412BBC}.Release|Any CPU.ActiveCfg = Release|Any CPU
		{A84C60D6-F7D7-4497-B76F-EB8CAC412BBC}.Release|Any CPU.Build.0 = Release|Any CPU
	EndGlobalSection
	GlobalSection(SolutionProperties) = preSolution
		HideSolutionNode = FALSE
	EndGlobalSection
	GlobalSection(ExtensibilityGlobals) = postSolution
		SolutionGuid = {B17E1B91-F660-403A-A4A3-2A96137C5AC2}
	EndGlobalSection
EndGlobal
